
Microsoft Visual Studio Solution File, Format Version 12.00
# Visual Studio 15
VisualStudioVersion = 15.0.28307.1433
MinimumVisualStudioVersion = 10.0.40219.1
Project("{8BC9CEB8-8B4A-11D0-8D11-00A0C91BC942}") = "AT12D43_yosidakotaka", "AT12D43_yosidakotaka\AT12D43_yosidakotaka.vcxproj", "{9A2728CB-4047-4789-956A-C6B3A3B472ED}"
EndProject
Global
	GlobalSection(SolutionConfigurationPlatforms) = preSolution
		Debug|x64 = Debug|x64
		Debug|x86 = Debug|x86
		Release|x64 = Release|x64
		Release|x86 = Release|x86
	EndGlobalSection
	GlobalSection(ProjectConfigurationPlatforms) = postSolution
		{9A2728CB-4047-4789-956A-C6B3A3B472ED}.Debug|x64.ActiveCfg = Debug|x64
		{9A2728CB-4047-4789-956A-C6B3A3B472ED}.Debug|x64.Build.0 = Debug|x64
		{9A2728CB-4047-4789-956A-C6B3A3B472ED}.Debug|x86.ActiveCfg = Debug|Win32
		{9A2728CB-4047-4789-956A-C6B3A3B472ED}.Debug|x86.Build.0 = Debug|Win32
		{9A2728CB-4047-4789-956A-C6B3A3B472ED}.Release|x64.ActiveCfg = Release|x64
		{9A2728CB-4047-4789-956A-C6B3A3B472ED}.Release|x64.Build.0 = Release|x64
		{9A2728CB-4047-4789-956A-C6B3A3B472ED}.Release|x86.ActiveCfg = Release|Win32
		{9A2728CB-4047-4789-956A-C6B3A3B472ED}.Release|x86.Build.0 = Release|Win32
	EndGlobalSection
	GlobalSection(SolutionProperties) = preSolution
		HideSolutionNode = FALSE
	EndGlobalSection
	GlobalSection(ExtensibilityGlobals) = postSolution
		SolutionGuid = {BDD74AAC-EDBB-42E8-9A89-66F9CF465712}
	EndGlobalSection
EndGlobal
